
Microsoft Visual Studio Solution File, Format Version 12.00
# Visual Studio Version 17
VisualStudioVersion = 17.9.34728.123
MinimumVisualStudioVersion = 10.0.40219.1
Project("{FAE04EC0-301F-11D3-BF4B-00C04F79EFBC}") = "Agents", "Agents\Agents.csproj", "{FBB61951-5B9A-45E8-A7D4-30B28DF68C59}"
EndProject
Global
	GlobalSection(SolutionConfigurationPlatforms) = preSolution
		Debug|Any CPU = Debug|Any CPU
		Release|Any CPU = Release|Any CPU
	EndGlobalSection
	GlobalSection(ProjectConfigurationPlatforms) = postSolution
		{FBB61951-5B9A-45E8-A7D4-30B28DF68C59}.Debug|Any CPU.ActiveCfg = Debug|Any CPU
		{FBB61951-5B9A-45E8-A7D4-30B28DF68C59}.Debug|Any CPU.Build.0 = Debug|Any CPU
		{FBB61951-5B9A-45E8-A7D4-30B28DF68C59}.Release|Any CPU.ActiveCfg = Release|Any CPU
		{FBB61951-5B9A-45E8-A7D4-30B28DF68C59}.Release|Any CPU.Build.0 = Release|Any CPU
	EndGlobalSection
	GlobalSection(SolutionProperties) = preSolution
		HideSolutionNode = FALSE
	EndGlobalSection
	GlobalSection(ExtensibilityGlobals) = postSolution
		SolutionGuid = {AF4D8E65-D31A-44C3-920C-972D023D4C72}
	EndGlobalSection
EndGlobal
